{
  "name": "receipt-processing-frontend",
  "version": "0.1.0",
  "lockfileVersion": 2,
  "requires": true,
  "packages": {
    "": {
      "name": "receipt-processing-frontend",
      "version": "0.1.0",
      "dependencies": {
        "react": "^18.2.0",
        "react-dom": "^18.2.0",
        "react-router-dom": "^6.23.1",
        "react-scripts": "^5.0.1",
        "date-fns": "^3.6.0"
      },
      "devDependencies": {
        "cross-env": "^7.0.3"
      }
    }
  }
}
